// !$*UTF8*$!
{
	archiveVersion = 1;
	classes = {
	};
	objectVersion = 77;
	objects = {

/* Begin PBXBuildFile section */
		17858D2F2E65A50000A3C890 /* WidgetKit.framework in Frameworks */ = {isa = PBXBuildFile; fileRef = 17858D2E2E65A50000A3C890 /* WidgetKit.framework */; };
		17858D312E65A50000A3C890 /* SwiftUI.framework in Frameworks */ = {isa = PBXBuildFile; fileRef = 17858D302E65A50000A3C890 /* SwiftUI.framework */; };
		17858D3F2E65A50400A3C890 /* widgetsExtension.appex in Embed Foundation Extensions */ = {isa = PBXBuildFile; fileRef = 17858D2C2E65A50000A3C890 /* widgetsExtension.appex */; settings = {ATTRIBUTES = (RemoveHeadersOnCopy, ); }; };
/* End PBXBuildFile section */

/* Begin PBXContainerItemProxy section */
		17858D0C2E65A23600A3C890 /* PBXContainerItemProxy */ = {
			isa = PBXContainerItemProxy;
			containerPortal = 17858CF52E65A23200A3C890 /* Project object */;
			proxyType = 1;
			remoteGlobalIDString = 17858CFC2E65A23200A3C890;
			remoteInfo = dynamicpet;
		};
		17858D162E65A23600A3C890 /* PBXContainerItemProxy */ = {
			isa = PBXContainerItemProxy;
			containerPortal = 17858CF52E65A23200A3C890 /* Project object */;
			proxyType = 1;
			remoteGlobalIDString = 17858CFC2E65A23200A3C890;
			remoteInfo = dynamicpet;
		};
		17858D3D2E65A50400A3C890 /* PBXContainerItemProxy */ = {
			isa = PBXContainerItemProxy;
			containerPortal = 17858CF52E65A23200A3C890 /* Project object */;
			proxyType = 1;
			remoteGlobalIDString = 17858D2B2E65A50000A3C890;
			remoteInfo = widgetsExtension;
		};
/* End PBXContainerItemProxy section */

/* Begin PBXCopyFilesBuildPhase section */
		17858D442E65A50400A3C890 /* Embed Foundation Extensions */ = {
			isa = PBXCopyFilesBuildPhase;
			buildActionMask = 2147483647;
			dstPath = "";
			dstSubfolderSpec = 13;
			files = (
				17858D3F2E65A50400A3C890 /* widgetsExtension.appex in Embed Foundation Extensions */,
			);
			name = "Embed Foundation Extensions";
			runOnlyForDeploymentPostprocessing = 0;
		};
/* End PBXCopyFilesBuildPhase section */

/* Begin PBXFileReference section */
		17858CFD2E65A23200A3C890 /* dynamicpet.app */ = {isa = PBXFileReference; explicitFileType = wrapper.application; includeInIndex = 0; path = dynamicpet.app; sourceTree = BUILT_PRODUCTS_DIR; };
		17858D0B2E65A23600A3C890 /* dynamicpetTests.xctest */ = {isa = PBXFileReference; explicitFileType = wrapper.cfbundle; includeInIndex = 0; path = dynamicpetTests.xctest; sourceTree = BUILT_PRODUCTS_DIR; };
		17858D152E65A23600A3C890 /* dynamicpetUITests.xctest */ = {isa = PBXFileReference; explicitFileType = wrapper.cfbundle; includeInIndex = 0; path = dynamicpetUITests.xctest; sourceTree = BUILT_PRODUCTS_DIR; };
		17858D2C2E65A50000A3C890 /* widgetsExtension.appex */ = {isa = PBXFileReference; explicitFileType = "wrapper.app-extension"; includeInIndex = 0; path = widgetsExtension.appex; sourceTree = BUILT_PRODUCTS_DIR; };
		17858D2E2E65A50000A3C890 /* WidgetKit.framework */ = {isa = PBXFileReference; lastKnownFileType = wrapper.framework; name = WidgetKit.framework; path = /System/Library/Frameworks/WidgetKit.framework; sourceTree = "<absolute>"; };
		17858D302E65A50000A3C890 /* SwiftUI.framework */ = {isa = PBXFileReference; lastKnownFileType = wrapper.framework; name = SwiftUI.framework; path = /System/Library/Frameworks/SwiftUI.framework; sourceTree = "<absolute>"; };
/* End PBXFileReference section */

/* Begin PBXFileSystemSynchronizedBuildFileExceptionSet section */
		17858D402E65A50400A3C890 /* Exceptions for "widgets" folder in "widgetsExtension" target */ = {
			isa = PBXFileSystemSynchronizedBuildFileExceptionSet;
			membershipExceptions = (
				Info.plist,
			);
			target = 17858D2B2E65A50000A3C890 /* widgetsExtension */;
		};
		17858D4C2E65B4BA00A3C890 /* Exceptions for "shared" folder in "widgetsExtension" target */ = {
			isa = PBXFileSystemSynchronizedBuildFileExceptionSet;
			membershipExceptions = (
				PackIndex.swift,
				PetAttributes.swift,
				SharedStore.swift,
			);
			target = 17858D2B2E65A50000A3C890 /* widgetsExtension */;
		};
/* End PBXFileSystemSynchronizedBuildFileExceptionSet section */

/* Begin PBXFileSystemSynchronizedRootGroup section */
		17858CFF2E65A23200A3C890 /* dynamicpet */ = {
			isa = PBXFileSystemSynchronizedRootGroup;
			path = dynamicpet;
			sourceTree = "<group>";
		};
		17858D0E2E65A23600A3C890 /* dynamicpetTests */ = {
			isa = PBXFileSystemSynchronizedRootGroup;
			path = dynamicpetTests;
			sourceTree = "<group>";
		};
		17858D182E65A23600A3C890 /* dynamicpetUITests */ = {
			isa = PBXFileSystemSynchronizedRootGroup;
			path = dynamicpetUITests;
			sourceTree = "<group>";
		};
		17858D322E65A50000A3C890 /* widgets */ = {
			isa = PBXFileSystemSynchronizedRootGroup;
			exceptions = (
				17858D402E65A50400A3C890 /* Exceptions for "widgets" folder in "widgetsExtension" target */,
			);
			path = widgets;
			sourceTree = "<group>";
		};
		17858D452E65B42000A3C890 /* shared */ = {
			isa = PBXFileSystemSynchronizedRootGroup;
			exceptions = (
				17858D4C2E65B4BA00A3C890 /* Exceptions for "shared" folder in "widgetsExtension" target */,
			);
			path = shared;
			sourceTree = "<group>";
		};
/* End PBXFileSystemSynchronizedRootGroup section */

/* Begin PBXFrameworksBuildPhase section */
		17858CFA2E65A23200A3C890 /* Frameworks */ = {
			isa = PBXFrameworksBuildPhase;
			buildActionMask = 2147483647;
			files = (
			);
			runOnlyForDeploymentPostprocessing = 0;
		};
		17858D082E65A23600A3C890 /* Frameworks */ = {
			isa = PBXFrameworksBuildPhase;
			buildActionMask = 2147483647;
			files = (
			);
			runOnlyForDeploymentPostprocessing = 0;
		};
		17858D122E65A23600A3C890 /* Frameworks */ = {
			isa = PBXFrameworksBuildPhase;
			buildActionMask = 2147483647;
			files = (
			);
			runOnlyForDeploymentPostprocessing = 0;
		};
		17858D292E65A50000A3C890 /* Frameworks */ = {
			isa = PBXFrameworksBuildPhase;
			buildActionMask = 2147483647;
			files = (
				17858D312E65A50000A3C890 /* SwiftUI.framework in Frameworks */,
				17858D2F2E65A50000A3C890 /* WidgetKit.framework in Frameworks */,
			);
			runOnlyForDeploymentPostprocessing = 0;
		};
/* End PBXFrameworksBuildPhase section */

/* Begin PBXGroup section */
		17858CF42E65A23200A3C890 = {
			isa = PBXGroup;
			children = (
				17858D452E65B42000A3C890 /* shared */,
				17858CFF2E65A23200A3C890 /* dynamicpet */,
				17858D0E2E65A23600A3C890 /* dynamicpetTests */,
				17858D182E65A23600A3C890 /* dynamicpetUITests */,
				17858D322E65A50000A3C890 /* widgets */,
				17858D2D2E65A50000A3C890 /* Frameworks */,
				17858CFE2E65A23200A3C890 /* Products */,
			);
			sourceTree = "<group>";
		};
		17858CFE2E65A23200A3C890 /* Products */ = {
			isa = PBXGroup;
			children = (
				17858CFD2E65A23200A3C890 /* dynamicpet.app */,
				17858D0B2E65A23600A3C890 /* dynamicpetTests.xctest */,
				17858D152E65A23600A3C890 /* dynamicpetUITests.xctest */,
				17858D2C2E65A50000A3C890 /* widgetsExtension.appex */,
			);
			name = Products;
			sourceTree = "<group>";
		};
		17858D2D2E65A50000A3C890 /* Frameworks */ = {
			isa = PBXGroup;
			children = (
				17858D2E2E65A50000A3C890 /* WidgetKit.framework */,
				17858D302E65A50000A3C890 /* SwiftUI.framework */,
			);
			name = Frameworks;
			sourceTree = "<group>";
		};
/* End PBXGroup section */

/* Begin PBXNativeTarget section */
		17858CFC2E65A23200A3C890 /* dynamicpet */ = {
			isa = PBXNativeTarget;
			buildConfigurationList = 17858D1F2E65A23600A3C890 /* Build configuration list for PBXNativeTarget "dynamicpet" */;
			buildPhases = (
				17858CF92E65A23200A3C890 /* Sources */,
				17858CFA2E65A23200A3C890 /* Frameworks */,
				17858CFB2E65A23200A3C890 /* Resources */,
				17858D442E65A50400A3C890 /* Embed Foundation Extensions */,
			);
			buildRules = (
			);
			dependencies = (
				17858D3E2E65A50400A3C890 /* PBXTargetDependency */,
			);
			fileSystemSynchronizedGroups = (
				17858CFF2E65A23200A3C890 /* dynamicpet */,
				17858D452E65B42000A3C890 /* shared */,
			);
			name = dynamicpet;
			packageProductDependencies = (
			);
			productName = dynamicpet;
			productReference = 17858CFD2E65A23200A3C890 /* dynamicpet.app */;
			productType = "com.apple.product-type.application";
		};
		17858D0A2E65A23600A3C890 /* dynamicpetTests */ = {
			isa = PBXNativeTarget;
			buildConfigurationList = 17858D222E65A23600A3C890 /* Build configuration list for PBXNativeTarget "dynamicpetTests" */;
			buildPhases = (
				17858D072E65A23600A3C890 /* Sources */,
				17858D082E65A23600A3C890 /* Frameworks */,
				17858D092E65A23600A3C890 /* Resources */,
			);
			buildRules = (
			);
			dependencies = (
				17858D0D2E65A23600A3C890 /* PBXTargetDependency */,
			);
			fileSystemSynchronizedGroups = (
				17858D0E2E65A23600A3C890 /* dynamicpetTests */,
			);
			name = dynamicpetTests;
			packageProductDependencies = (
			);
			productName = dynamicpetTests;
			productReference = 17858D0B2E65A23600A3C890 /* dynamicpetTests.xctest */;
			productType = "com.apple.product-type.bundle.unit-test";
		};
		17858D142E65A23600A3C890 /* dynamicpetUITests */ = {
			isa = PBXNativeTarget;
			buildConfigurationList = 17858D252E65A23600A3C890 /* Build configuration list for PBXNativeTarget "dynamicpetUITests" */;
			buildPhases = (
				17858D112E65A23600A3C890 /* Sources */,
				17858D122E65A23600A3C890 /* Frameworks */,
				17858D132E65A23600A3C890 /* Resources */,
			);
			buildRules = (
			);
			dependencies = (
				17858D172E65A23600A3C890 /* PBXTargetDependency */,
			);
			fileSystemSynchronizedGroups = (
				17858D182E65A23600A3C890 /* dynamicpetUITests */,
			);
			name = dynamicpetUITests;
			packageProductDependencies = (
			);
			productName = dynamicpetUITests;
			productReference = 17858D152E65A23600A3C890 /* dynamicpetUITests.xctest */;
			productType = "com.apple.product-type.bundle.ui-testing";
		};
		17858D2B2E65A50000A3C890 /* widgetsExtension */ = {
			isa = PBXNativeTarget;
			buildConfigurationList = 17858D412E65A50400A3C890 /* Build configuration list for PBXNativeTarget "widgetsExtension" */;
			buildPhases = (
				17858D282E65A50000A3C890 /* Sources */,
				17858D292E65A50000A3C890 /* Frameworks */,
				17858D2A2E65A50000A3C890 /* Resources */,
			);
			buildRules = (
			);
			dependencies = (
			);
			fileSystemSynchronizedGroups = (
				17858D322E65A50000A3C890 /* widgets */,
			);
			name = widgetsExtension;
			packageProductDependencies = (
			);
			productName = widgetsExtension;
			productReference = 17858D2C2E65A50000A3C890 /* widgetsExtension.appex */;
			productType = "com.apple.product-type.app-extension";
		};
/* End PBXNativeTarget section */

/* Begin PBXProject section */
		17858CF52E65A23200A3C890 /* Project object */ = {
			isa = PBXProject;
			attributes = {
				BuildIndependentTargetsInParallel = 1;
				LastSwiftUpdateCheck = 1640;
				LastUpgradeCheck = 1640;
				TargetAttributes = {
					17858CFC2E65A23200A3C890 = {
						CreatedOnToolsVersion = 16.4;
					};
					17858D0A2E65A23600A3C890 = {
						CreatedOnToolsVersion = 16.4;
						TestTargetID = 17858CFC2E65A23200A3C890;
					};
					17858D142E65A23600A3C890 = {
						CreatedOnToolsVersion = 16.4;
						TestTargetID = 17858CFC2E65A23200A3C890;
					};
					17858D2B2E65A50000A3C890 = {
						CreatedOnToolsVersion = 16.4;
					};
				};
			};
			buildConfigurationList = 17858CF82E65A23200A3C890 /* Build configuration list for PBXProject "dynamicpet" */;
			developmentRegion = en;
			hasScannedForEncodings = 0;
			knownRegions = (
				en,
				Base,
			);
			mainGroup = 17858CF42E65A23200A3C890;
			minimizedProjectReferenceProxies = 1;
			preferredProjectObjectVersion = 77;
			productRefGroup = 17858CFE2E65A23200A3C890 /* Products */;
			projectDirPath = "";
			projectRoot = "";
			targets = (
				17858CFC2E65A23200A3C890 /* dynamicpet */,
				17858D0A2E65A23600A3C890 /* dynamicpetTests */,
				17858D142E65A23600A3C890 /* dynamicpetUITests */,
				17858D2B2E65A50000A3C890 /* widgetsExtension */,
			);
		};
/* End PBXProject section */

/* Begin PBXResourcesBuildPhase section */
		17858CFB2E65A23200A3C890 /* Resources */ = {
			isa = PBXResourcesBuildPhase;
			buildActionMask = 2147483647;
			files = (
			);
			runOnlyForDeploymentPostprocessing = 0;
		};
		17858D092E65A23600A3C890 /* Resources */ = {
			isa = PBXResourcesBuildPhase;
			buildActionMask = 2147483647;
			files = (
			);
			runOnlyForDeploymentPostprocessing = 0;
		};
		17858D132E65A23600A3C890 /* Resources */ = {
			isa = PBXResourcesBuildPhase;
			buildActionMask = 2147483647;
			files = (
			);
			runOnlyForDeploymentPostprocessing = 0;
		};
		17858D2A2E65A50000A3C890 /* Resources */ = {
			isa = PBXResourcesBuildPhase;
			buildActionMask = 2147483647;
			files = (
			);
			runOnlyForDeploymentPostprocessing = 0;
		};
/* End PBXResourcesBuildPhase section */

/* Begin PBXSourcesBuildPhase section */
		17858CF92E65A23200A3C890 /* Sources */ = {
			isa = PBXSourcesBuildPhase;
			buildActionMask = 2147483647;
			files = (
			);
			runOnlyForDeploymentPostprocessing = 0;
		};
		17858D072E65A23600A3C890 /* Sources */ = {
			isa = PBXSourcesBuildPhase;
			buildActionMask = 2147483647;
			files = (
			);
			runOnlyForDeploymentPostprocessing = 0;
		};
		17858D112E65A23600A3C890 /* Sources */ = {
			isa = PBXSourcesBuildPhase;
			buildActionMask = 2147483647;
			files = (
			);
			runOnlyForDeploymentPostprocessing = 0;
		};
		17858D282E65A50000A3C890 /* Sources */ = {
			isa = PBXSourcesBuildPhase;
			buildActionMask = 2147483647;
			files = (
			);
			runOnlyForDeploymentPostprocessing = 0;
		};
/* End PBXSourcesBuildPhase section */

/* Begin PBXTargetDependency section */
		17858D0D2E65A23600A3C890 /* PBXTargetDependency */ = {
			isa = PBXTargetDependency;
			target = 17858CFC2E65A23200A3C890 /* dynamicpet */;
			targetProxy = 17858D0C2E65A23600A3C890 /* PBXContainerItemProxy */;
		};
		17858D172E65A23600A3C890 /* PBXTargetDependency */ = {
			isa = PBXTargetDependency;
			target = 17858CFC2E65A23200A3C890 /* dynamicpet */;
			targetProxy = 17858D162E65A23600A3C890 /* PBXContainerItemProxy */;
		};
		17858D3E2E65A50400A3C890 /* PBXTargetDependency */ = {
			isa = PBXTargetDependency;
			target = 17858D2B2E65A50000A3C890 /* widgetsExtension */;
			targetProxy = 17858D3D2E65A50400A3C890 /* PBXContainerItemProxy */;
		};
/* End PBXTargetDependency section */

/* Begin XCBuildConfiguration section */
		17858D1D2E65A23600A3C890 /* Debug */ = {
			isa = XCBuildConfiguration;
			buildSettings = {
				ALWAYS_SEARCH_USER_PATHS = NO;
				ASSETCATALOG_COMPILER_GENERATE_SWIFT_ASSET_SYMBOL_EXTENSIONS = YES;
				CLANG_ANALYZER_NONNULL = YES;
				CLANG_ANALYZER_NUMBER_OBJECT_CONVERSION = YES_AGGRESSIVE;
				CLANG_CXX_LANGUAGE_STANDARD = "gnu++20";
				CLANG_ENABLE_MODULES = YES;
				CLANG_ENABLE_OBJC_ARC = YES;
				CLANG_ENABLE_OBJC_WEAK = YES;
				CLANG_WARN_BLOCK_CAPTURE_AUTORELEASING = YES;
				CLANG_WARN_BOOL_CONVERSION = YES;
				CLANG_WARN_COMMA = YES;
				CLANG_WARN_CONSTANT_CONVERSION = YES;
				CLANG_WARN_DEPRECATED_OBJC_IMPLEMENTATIONS = YES;
				CLANG_WARN_DIRECT_OBJC_ISA_USAGE = YES_ERROR;
				CLANG_WARN_DOCUMENTATION_COMMENTS = YES;
				CLANG_WARN_EMPTY_BODY = YES;
				CLANG_WARN_ENUM_CONVERSION = YES;
				CLANG_WARN_INFINITE_RECURSION = YES;
				CLANG_WARN_INT_CONVERSION = YES;
				CLANG_WARN_NON_LITERAL_NULL_CONVERSION = YES;
				CLANG_WARN_OBJC_IMPLICIT_RETAIN_SELF = YES;
				CLANG_WARN_OBJC_LITERAL_CONVERSION = YES;
				CLANG_WARN_OBJC_ROOT_CLASS = YES_ERROR;
				CLANG_WARN_QUOTED_INCLUDE_IN_FRAMEWORK_HEADER = YES;
				CLANG_WARN_RANGE_LOOP_ANALYSIS = YES;
				CLANG_WARN_STRICT_PROTOTYPES = YES;
				CLANG_WARN_SUSPICIOUS_MOVE = YES;
				CLANG_WARN_UNGUARDED_AVAILABILITY = YES_AGGRESSIVE;
				CLANG_WARN_UNREACHABLE_CODE = YES;
				CLANG_WARN__DUPLICATE_METHOD_MATCH = YES;
				COPY_PHASE_STRIP = NO;
				DEBUG_INFORMATION_FORMAT = dwarf;
				ENABLE_STRICT_OBJC_MSGSEND = YES;
				ENABLE_TESTABILITY = YES;
				ENABLE_USER_SCRIPT_SANDBOXING = YES;
				GCC_C_LANGUAGE_STANDARD = gnu17;
				GCC_DYNAMIC_NO_PIC = NO;
				GCC_NO_COMMON_BLOCKS = YES;
				GCC_OPTIMIZATION_LEVEL = 0;
				GCC_PREPROCESSOR_DEFINITIONS = (
					"DEBUG=1",
					"$(inherited)",
				);
				GCC_WARN_64_TO_32_BIT_CONVERSION = YES;
				GCC_WARN_ABOUT_RETURN_TYPE = YES_ERROR;
				GCC_WARN_UNDECLARED_SELECTOR = YES;
				GCC_WARN_UNINITIALIZED_AUTOS = YES_AGGRESSIVE;
				GCC_WARN_UNUSED_FUNCTION = YES;
				GCC_WARN_UNUSED_VARIABLE = YES;
				LOCALIZATION_PREFERS_STRING_CATALOGS = YES;
				MTL_ENABLE_DEBUG_INFO = INCLUDE_SOURCE;
				MTL_FAST_MATH = YES;
				ONLY_ACTIVE_ARCH = YES;
				SWIFT_ACTIVE_COMPILATION_CONDITIONS = "DEBUG $(inherited)";
				SWIFT_OPTIMIZATION_LEVEL = "-Onone";
			};
			name = Debug;
		};
		17858D1E2E65A23600A3C890 /* Release */ = {
			isa = XCBuildConfiguration;
			buildSettings = {
				ALWAYS_SEARCH_USER_PATHS = NO;
				ASSETCATALOG_COMPILER_GENERATE_SWIFT_ASSET_SYMBOL_EXTENSIONS = YES;
				CLANG_ANALYZER_NONNULL = YES;
				CLANG_ANALYZER_NUMBER_OBJECT_CONVERSION = YES_AGGRESSIVE;
				CLANG_CXX_LANGUAGE_STANDARD = "gnu++20";
				CLANG_ENABLE_MODULES = YES;
				CLANG_ENABLE_OBJC_ARC = YES;
				CLANG_ENABLE_OBJC_WEAK = YES;
				CLANG_WARN_BLOCK_CAPTURE_AUTORELEASING = YES;
				CLANG_WARN_BOOL_CONVERSION = YES;
				CLANG_WARN_COMMA = YES;
				CLANG_WARN_CONSTANT_CONVERSION = YES;
				CLANG_WARN_DEPRECATED_OBJC_IMPLEMENTATIONS = YES;
				CLANG_WARN_DIRECT_OBJC_ISA_USAGE = YES_ERROR;
				CLANG_WARN_DOCUMENTATION_COMMENTS = YES;
				CLANG_WARN_EMPTY_BODY = YES;
				CLANG_WARN_ENUM_CONVERSION = YES;
				CLANG_WARN_INFINITE_RECURSION = YES;
				CLANG_WARN_INT_CONVERSION = YES;
				CLANG_WARN_NON_LITERAL_NULL_CONVERSION = YES;
				CLANG_WARN_OBJC_IMPLICIT_RETAIN_SELF = YES;
				CLANG_WARN_OBJC_LITERAL_CONVERSION = YES;
				CLANG_WARN_OBJC_ROOT_CLASS = YES_ERROR;
				CLANG_WARN_QUOTED_INCLUDE_IN_FRAMEWORK_HEADER = YES;
				CLANG_WARN_RANGE_LOOP_ANALYSIS = YES;
				CLANG_WARN_STRICT_PROTOTYPES = YES;
				CLANG_WARN_SUSPICIOUS_MOVE = YES;
				CLANG_WARN_UNGUARDED_AVAILABILITY = YES_AGGRESSIVE;
				CLANG_WARN_UNREACHABLE_CODE = YES;
				CLANG_WARN__DUPLICATE_METHOD_MATCH = YES;
				COPY_PHASE_STRIP = NO;
				DEBUG_INFORMATION_FORMAT = "dwarf-with-dsym";
				ENABLE_NS_ASSERTIONS = NO;
				ENABLE_STRICT_OBJC_MSGSEND = YES;
				ENABLE_USER_SCRIPT_SANDBOXING = YES;
				GCC_C_LANGUAGE_STANDARD = gnu17;
				GCC_NO_COMMON_BLOCKS = YES;
				GCC_WARN_64_TO_32_BIT_CONVERSION = YES;
				GCC_WARN_ABOUT_RETURN_TYPE = YES_ERROR;
				GCC_WARN_UNDECLARED_SELECTOR = YES;
				GCC_WARN_UNINITIALIZED_AUTOS = YES_AGGRESSIVE;
				GCC_WARN_UNUSED_FUNCTION = YES;
				GCC_WARN_UNUSED_VARIABLE = YES;
				LOCALIZATION_PREFERS_STRING_CATALOGS = YES;
				MTL_ENABLE_DEBUG_INFO = NO;
				MTL_FAST_MATH = YES;
				SWIFT_COMPILATION_MODE = wholemodule;
			};
			name = Release;
		};
		17858D202E65A23600A3C890 /* Debug */ = {
			isa = XCBuildConfiguration;
			buildSettings = {
				ASSETCATALOG_COMPILER_APPICON_NAME = AppIcon;
				ASSETCATALOG_COMPILER_GLOBAL_ACCENT_COLOR_NAME = AccentColor;
				CODE_SIGN_ENTITLEMENTS = dynamicpet/dynamicpet.entitlements;
				CODE_SIGN_STYLE = Automatic;
				CURRENT_PROJECT_VERSION = 1;
				DEVELOPMENT_TEAM = 276YTAKRFV;
				ENABLE_PREVIEWS = YES;
				GENERATE_INFOPLIST_FILE = YES;
				INFOPLIST_KEY_NSSupportsLiveActivities = YES;
				INFOPLIST_KEY_NSSupportsLiveActivitiesFrequentUpdates = YES;
				"INFOPLIST_KEY_UIApplicationSceneManifest_Generation[sdk=iphoneos*]" = YES;
				"INFOPLIST_KEY_UIApplicationSceneManifest_Generation[sdk=iphonesimulator*]" = YES;
				"INFOPLIST_KEY_UIApplicationSupportsIndirectInputEvents[sdk=iphoneos*]" = YES;
				"INFOPLIST_KEY_UIApplicationSupportsIndirectInputEvents[sdk=iphonesimulator*]" = YES;
				"INFOPLIST_KEY_UILaunchScreen_Generation[sdk=iphoneos*]" = YES;
				"INFOPLIST_KEY_UILaunchScreen_Generation[sdk=iphonesimulator*]" = YES;
				"INFOPLIST_KEY_UIStatusBarStyle[sdk=iphoneos*]" = UIStatusBarStyleDefault;
				"INFOPLIST_KEY_UIStatusBarStyle[sdk=iphonesimulator*]" = UIStatusBarStyleDefault;
				INFOPLIST_KEY_UISupportedInterfaceOrientations_iPad = "UIInterfaceOrientationPortrait UIInterfaceOrientationPortraitUpsideDown UIInterfaceOrientationLandscapeLeft UIInterfaceOrientationLandscapeRight";
				INFOPLIST_KEY_UISupportedInterfaceOrientations_iPhone = "UIInterfaceOrientationPortrait UIInterfaceOrientationLandscapeLeft UIInterfaceOrientationLandscapeRight";
				IPHONEOS_DEPLOYMENT_TARGET = 17.6;
				LD_RUNPATH_SEARCH_PATHS = "@executable_path/Frameworks";
				"LD_RUNPATH_SEARCH_PATHS[sdk=macosx*]" = "@executable_path/../Frameworks";
				MACOSX_DEPLOYMENT_TARGET = 15.5;
				MARKETING_VERSION = 1.0;
				PRODUCT_BUNDLE_IDENTIFIER = com.perrello.dynamicpet;
				PRODUCT_NAME = "$(TARGET_NAME)";
				REGISTER_APP_GROUPS = YES;
				SDKROOT = auto;
				SUPPORTED_PLATFORMS = "iphoneos iphonesimulator macosx";
				SUPPORTS_MACCATALYST = NO;
				SWIFT_EMIT_LOC_STRINGS = YES;
				SWIFT_VERSION = 5.0;
				TARGETED_DEVICE_FAMILY = "1,2";
				XROS_DEPLOYMENT_TARGET = 2.5;
			};
			name = Debug;
		};
		17858D212E65A23600A3C890 /* Release */ = {
			isa = XCBuildConfiguration;
			buildSettings = {
				ASSETCATALOG_COMPILER_APPICON_NAME = AppIcon;
				ASSETCATALOG_COMPILER_GLOBAL_ACCENT_COLOR_NAME = AccentColor;
				CODE_SIGN_ENTITLEMENTS = dynamicpet/dynamicpet.entitlements;
				CODE_SIGN_STYLE = Automatic;
				CURRENT_PROJECT_VERSION = 1;
				DEVELOPMENT_TEAM = 276YTAKRFV;
				ENABLE_PREVIEWS = YES;
				GENERATE_INFOPLIST_FILE = YES;
				INFOPLIST_KEY_NSSupportsLiveActivities = YES;
				INFOPLIST_KEY_NSSupportsLiveActivitiesFrequentUpdates = YES;
				"INFOPLIST_KEY_UIApplicationSceneManifest_Generation[sdk=iphoneos*]" = YES;
				"INFOPLIST_KEY_UIApplicationSceneManifest_Generation[sdk=iphonesimulator*]" = YES;
				"INFOPLIST_KEY_UIApplicationSupportsIndirectInputEvents[sdk=iphoneos*]" = YES;
				"INFOPLIST_KEY_UIApplicationSupportsIndirectInputEvents[sdk=iphonesimulator*]" = YES;
				"INFOPLIST_KEY_UILaunchScreen_Generation[sdk=iphoneos*]" = YES;
				"INFOPLIST_KEY_UILaunchScreen_Generation[sdk=iphonesimulator*]" = YES;
				"INFOPLIST_KEY_UIStatusBarStyle[sdk=iphoneos*]" = UIStatusBarStyleDefault;
				"INFOPLIST_KEY_UIStatusBarStyle[sdk=iphonesimulator*]" = UIStatusBarStyleDefault;
				INFOPLIST_KEY_UISupportedInterfaceOrientations_iPad = "UIInterfaceOrientationPortrait UIInterfaceOrientationPortraitUpsideDown UIInterfaceOrientationLandscapeLeft UIInterfaceOrientationLandscapeRight";
				INFOPLIST_KEY_UISupportedInterfaceOrientations_iPhone = "UIInterfaceOrientationPortrait UIInterfaceOrientationLandscapeLeft UIInterfaceOrientationLandscapeRight";
				IPHONEOS_DEPLOYMENT_TARGET = 17.6;
				LD_RUNPATH_SEARCH_PATHS = "@executable_path/Frameworks";
				"LD_RUNPATH_SEARCH_PATHS[sdk=macosx*]" = "@executable_path/../Frameworks";
				MACOSX_DEPLOYMENT_TARGET = 15.5;
				MARKETING_VERSION = 1.0;
				PRODUCT_BUNDLE_IDENTIFIER = com.perrello.dynamicpet;
				PRODUCT_NAME = "$(TARGET_NAME)";
				REGISTER_APP_GROUPS = YES;
				SDKROOT = auto;
				SUPPORTED_PLATFORMS = "iphoneos iphonesimulator macosx";
				SUPPORTS_MACCATALYST = NO;
				SWIFT_EMIT_LOC_STRINGS = YES;
				SWIFT_VERSION = 5.0;
				TARGETED_DEVICE_FAMILY = "1,2";
				XROS_DEPLOYMENT_TARGET = 2.5;
			};
			name = Release;
		};
		17858D232E65A23600A3C890 /* Debug */ = {
			isa = XCBuildConfiguration;
			buildSettings = {
				BUNDLE_LOADER = "$(TEST_HOST)";
				CODE_SIGN_STYLE = Automatic;
				CURRENT_PROJECT_VERSION = 1;
				DEVELOPMENT_TEAM = "";
				GENERATE_INFOPLIST_FILE = YES;
				IPHONEOS_DEPLOYMENT_TARGET = 18.5;
				MACOSX_DEPLOYMENT_TARGET = 15.5;
				MARKETING_VERSION = 1.0;
				PRODUCT_BUNDLE_IDENTIFIER = com.perrello.dynamicpetTests;
				PRODUCT_NAME = "$(TARGET_NAME)";
				SDKROOT = auto;
				SUPPORTED_PLATFORMS = "iphoneos iphonesimulator macosx xros xrsimulator";
				SWIFT_EMIT_LOC_STRINGS = NO;
				SWIFT_VERSION = 5.0;
				TARGETED_DEVICE_FAMILY = "1,2,7";
				TEST_HOST = "$(BUILT_PRODUCTS_DIR)/dynamicpet.app/$(BUNDLE_EXECUTABLE_FOLDER_PATH)/dynamicpet";
				XROS_DEPLOYMENT_TARGET = 2.5;
			};
			name = Debug;
		};
		17858D242E65A23600A3C890 /* Release */ = {
			isa = XCBuildConfiguration;
			buildSettings = {
				BUNDLE_LOADER = "$(TEST_HOST)";
				CODE_SIGN_STYLE = Automatic;
				CURRENT_PROJECT_VERSION = 1;
				DEVELOPMENT_TEAM = "";
				GENERATE_INFOPLIST_FILE = YES;
				IPHONEOS_DEPLOYMENT_TARGET = 18.5;
				MACOSX_DEPLOYMENT_TARGET = 15.5;
				MARKETING_VERSION = 1.0;
				PRODUCT_BUNDLE_IDENTIFIER = com.perrello.dynamicpetTests;
				PRODUCT_NAME = "$(TARGET_NAME)";
				SDKROOT = auto;
				SUPPORTED_PLATFORMS = "iphoneos iphonesimulator macosx xros xrsimulator";
				SWIFT_EMIT_LOC_STRINGS = NO;
				SWIFT_VERSION = 5.0;
				TARGETED_DEVICE_FAMILY = "1,2,7";
				TEST_HOST = "$(BUILT_PRODUCTS_DIR)/dynamicpet.app/$(BUNDLE_EXECUTABLE_FOLDER_PATH)/dynamicpet";
				XROS_DEPLOYMENT_TARGET = 2.5;
			};
			name = Release;
		};
		17858D262E65A23600A3C890 /* Debug */ = {
			isa = XCBuildConfiguration;
			buildSettings = {
				CODE_SIGN_STYLE = Automatic;
				CURRENT_PROJECT_VERSION = 1;
				GENERATE_INFOPLIST_FILE = YES;
				IPHONEOS_DEPLOYMENT_TARGET = 18.5;
				MACOSX_DEPLOYMENT_TARGET = 15.5;
				MARKETING_VERSION = 1.0;
				PRODUCT_BUNDLE_IDENTIFIER = com.perrello.dynamicpetUITests;
				PRODUCT_NAME = "$(TARGET_NAME)";
				SDKROOT = auto;
				SUPPORTED_PLATFORMS = "iphoneos iphonesimulator macosx xros xrsimulator";
				SWIFT_EMIT_LOC_STRINGS = NO;
				SWIFT_VERSION = 5.0;
				TARGETED_DEVICE_FAMILY = "1,2,7";
				TEST_TARGET_NAME = dynamicpet;
				XROS_DEPLOYMENT_TARGET = 2.5;
			};
			name = Debug;
		};
		17858D272E65A23600A3C890 /* Release */ = {
			isa = XCBuildConfiguration;
			buildSettings = {
				CODE_SIGN_STYLE = Automatic;
				CURRENT_PROJECT_VERSION = 1;
				GENERATE_INFOPLIST_FILE = YES;
				IPHONEOS_DEPLOYMENT_TARGET = 18.5;
				MACOSX_DEPLOYMENT_TARGET = 15.5;
				MARKETING_VERSION = 1.0;
				PRODUCT_BUNDLE_IDENTIFIER = com.perrello.dynamicpetUITests;
				PRODUCT_NAME = "$(TARGET_NAME)";
				SDKROOT = auto;
				SUPPORTED_PLATFORMS = "iphoneos iphonesimulator macosx xros xrsimulator";
				SWIFT_EMIT_LOC_STRINGS = NO;
				SWIFT_VERSION = 5.0;
				TARGETED_DEVICE_FAMILY = "1,2,7";
				TEST_TARGET_NAME = dynamicpet;
				XROS_DEPLOYMENT_TARGET = 2.5;
			};
			name = Release;
		};
		17858D422E65A50400A3C890 /* Debug */ = {
			isa = XCBuildConfiguration;
			buildSettings = {
				ASSETCATALOG_COMPILER_GLOBAL_ACCENT_COLOR_NAME = AccentColor;
				ASSETCATALOG_COMPILER_WIDGET_BACKGROUND_COLOR_NAME = WidgetBackground;
				CODE_SIGN_ENTITLEMENTS = widgets/widgets.entitlements;
				CODE_SIGN_STYLE = Automatic;
				CURRENT_PROJECT_VERSION = 1;
				DEVELOPMENT_TEAM = 276YTAKRFV;
				GENERATE_INFOPLIST_FILE = YES;
				INFOPLIST_FILE = widgets/Info.plist;
				INFOPLIST_KEY_CFBundleDisplayName = widgets;
				INFOPLIST_KEY_NSHumanReadableCopyright = "";
				IPHONEOS_DEPLOYMENT_TARGET = 17.6;
				LD_RUNPATH_SEARCH_PATHS = (
					"$(inherited)",
					"@executable_path/Frameworks",
					"@executable_path/../../Frameworks",
				);
				"LD_RUNPATH_SEARCH_PATHS[sdk=macosx*]" = (
					"$(inherited)",
					"@executable_path/../Frameworks",
					"@executable_path/../../../../Frameworks",
				);
				MACOSX_DEPLOYMENT_TARGET = 14.0;
				MARKETING_VERSION = 1.0;
				PRODUCT_BUNDLE_IDENTIFIER = com.perrello.dynamicpet.widgets;
				PRODUCT_NAME = "$(TARGET_NAME)";
				REGISTER_APP_GROUPS = YES;
				SDKROOT = auto;
				SKIP_INSTALL = YES;
				SUPPORTED_PLATFORMS = "iphoneos iphonesimulator macosx";
				SUPPORTS_MACCATALYST = NO;
				SWIFT_EMIT_LOC_STRINGS = YES;
				SWIFT_VERSION = 5.0;
				TARGETED_DEVICE_FAMILY = "1,2";
				XROS_DEPLOYMENT_TARGET = 2.5;
			};
			name = Debug;
		};
		17858D432E65A50400A3C890 /* Release */ = {
			isa = XCBuildConfiguration;
			buildSettings = {
				ASSETCATALOG_COMPILER_GLOBAL_ACCENT_COLOR_NAME = AccentColor;
				ASSETCATALOG_COMPILER_WIDGET_BACKGROUND_COLOR_NAME = WidgetBackground;
				CODE_SIGN_ENTITLEMENTS = widgets/widgets.entitlements;
				CODE_SIGN_STYLE = Automatic;
				CURRENT_PROJECT_VERSION = 1;
				DEVELOPMENT_TEAM = 276YTAKRFV;
				GENERATE_INFOPLIST_FILE = YES;
				INFOPLIST_FILE = widgets/Info.plist;
				INFOPLIST_KEY_CFBundleDisplayName = widgets;
				INFOPLIST_KEY_NSHumanReadableCopyright = "";
				IPHONEOS_DEPLOYMENT_TARGET = 17.6;
				LD_RUNPATH_SEARCH_PATHS = (
					"$(inherited)",
					"@executable_path/Frameworks",
					"@executable_path/../../Frameworks",
				);
				"LD_RUNPATH_SEARCH_PATHS[sdk=macosx*]" = (
					"$(inherited)",
					"@executable_path/../Frameworks",
					"@executable_path/../../../../Frameworks",
				);
				MACOSX_DEPLOYMENT_TARGET = 14.0;
				MARKETING_VERSION = 1.0;
				PRODUCT_BUNDLE_IDENTIFIER = com.perrello.dynamicpet.widgets;
				PRODUCT_NAME = "$(TARGET_NAME)";
				REGISTER_APP_GROUPS = YES;
				SDKROOT = auto;
				SKIP_INSTALL = YES;
				SUPPORTED_PLATFORMS = "iphoneos iphonesimulator macosx";
				SUPPORTS_MACCATALYST = NO;
				SWIFT_EMIT_LOC_STRINGS = YES;
				SWIFT_VERSION = 5.0;
				TARGETED_DEVICE_FAMILY = "1,2";
				XROS_DEPLOYMENT_TARGET = 2.5;
			};
			name = Release;
		};
/* End XCBuildConfiguration section */

/* Begin XCConfigurationList section */
		17858CF82E65A23200A3C890 /* Build configuration list for PBXProject "dynamicpet" */ = {
			isa = XCConfigurationList;
			buildConfigurations = (
				17858D1D2E65A23600A3C890 /* Debug */,
				17858D1E2E65A23600A3C890 /* Release */,
			);
			defaultConfigurationIsVisible = 0;
			defaultConfigurationName = Release;
		};
		17858D1F2E65A23600A3C890 /* Build configuration list for PBXNativeTarget "dynamicpet" */ = {
			isa = XCConfigurationList;
			buildConfigurations = (
				17858D202E65A23600A3C890 /* Debug */,
				17858D212E65A23600A3C890 /* Release */,
			);
			defaultConfigurationIsVisible = 0;
			defaultConfigurationName = Release;
		};
		17858D222E65A23600A3C890 /* Build configuration list for PBXNativeTarget "dynamicpetTests" */ = {
			isa = XCConfigurationList;
			buildConfigurations = (
				17858D232E65A23600A3C890 /* Debug */,
				17858D242E65A23600A3C890 /* Release */,
			);
			defaultConfigurationIsVisible = 0;
			defaultConfigurationName = Release;
		};
		17858D252E65A23600A3C890 /* Build configuration list for PBXNativeTarget "dynamicpetUITests" */ = {
			isa = XCConfigurationList;
			buildConfigurations = (
				17858D262E65A23600A3C890 /* Debug */,
				17858D272E65A23600A3C890 /* Release */,
			);
			defaultConfigurationIsVisible = 0;
			defaultConfigurationName = Release;
		};
		17858D412E65A50400A3C890 /* Build configuration list for PBXNativeTarget "widgetsExtension" */ = {
			isa = XCConfigurationList;
			buildConfigurations = (
				17858D422E65A50400A3C890 /* Debug */,
				17858D432E65A50400A3C890 /* Release */,
			);
			defaultConfigurationIsVisible = 0;
			defaultConfigurationName = Release;
		};
/* End XCConfigurationList section */
	};
	rootObject = 17858CF52E65A23200A3C890 /* Project object */;
}
